git.fractalqb.de/fractalqb/eloc v0.6.0 h1:NrhpSf8RSGnCN8U8KjjvxD8ci6s/AWu7s8ESdOmOPn8=
git.fractalqb.de/fractalqb/eloc v0.6.0/go.mod h1:UYvtvQNTnjoFH/q/9dHLoLuCPKEJU6w7W6vIM/Grw3o=
git.fractalqb.de/fractalqb/testerr v0.3.0 h1:MJGbhEBcJqd7OIEGACaVBPXzK0k22X/LYp1MSWq0Qrk=
git.fractalqb.de/fractalqb/testerr v0.3.0/go.mod h1:9QIePAgsw5T/fD2CZmMUFs9xdBxryombyGoA812O288=
git.fractalqb.de/fractalqb/xsx v0.19.0 h1:d9E1QP28CRzvbeSKxwKmBxdLXA/w9nNH7RLUoZ2elFk=
git.fractalqb.de/fractalqb/xsx v0.19.0/go.mod h1:vBKD0kJ5TFQ7keMK5nqO9nySbpzWkGG+UPTZCWwuWik=
golang.org/x/exp v0.0.0-20260908205506-85c1c2202aba h1:Ck8QetSgk912qxWLMCKxd0in+aiyBQyDSMae6e/xmpU=
golang.org/x/exp v0.0.0-20260908205506-85c1c2202aba/go.mod h1:50RgIsmK7OwqzTTeqcSXQW8SswW0o8fRcDxmqGluJ8E=
